
Microsoft Visual Studio Solution File, Format Version 12.00
# Visual Studio Version 17
VisualStudioVersion = 17.4.33213.308
MinimumVisualStudioVersion = 10.0.40219.1
Project("{FAE04EC0-301F-11D3-BF4B-00C04F79EFBC}") = "Methods", "Methods.csproj", "{628D848F-FA74-4451-B0D9-FEDA9DFF1CDB}"
EndProject
Global
	GlobalSection(SolutionConfigurationPlatforms) = preSolution
		Debug|Any CPU = Debug|Any CPU
		Release|Any CPU = Release|Any CPU
	EndGlobalSection
	GlobalSection(ProjectConfigurationPlatforms) = postSolution
		{628D848F-FA74-4451-B0D9-FEDA9DFF1CDB}.Debug|Any CPU.ActiveCfg = Debug|Any CPU
		{628D848F-FA74-4451-B0D9-FEDA9DFF1CDB}.Debug|Any CPU.Build.0 = Debug|Any CPU
		{628D848F-FA74-4451-B0D9-FEDA9DFF1CDB}.Release|Any CPU.ActiveCfg = Release|Any CPU
		{628D848F-FA74-4451-B0D9-FEDA9DFF1CDB}.Release|Any CPU.Build.0 = Release|Any CPU
	EndGlobalSection
	GlobalSection(SolutionProperties) = preSolution
		HideSolutionNode = FALSE
	EndGlobalSection
	GlobalSection(ExtensibilityGlobals) = postSolution
		SolutionGuid = {F51F35EB-A682-45C5-AE3C-207493AF1E78}
	EndGlobalSection
EndGlobal
